
Microsoft Visual Studio Solution File, Format Version 12.00
# Visual Studio Version 17
VisualStudioVersion = 17.8.34330.188
MinimumVisualStudioVersion = 10.0.40219.1
Project("{FAE04EC0-301F-11D3-BF4B-00C04F79EFBC}") = "LearnAPI", "LearnAPI.csproj", "{60EA5DCC-C3D9-4EDE-B3CD-1CD59EBEB4B0}"
EndProject
Global
	GlobalSection(SolutionConfigurationPlatforms) = preSolution
		Debug|Any CPU = Debug|Any CPU
		Release|Any CPU = Release|Any CPU
	EndGlobalSection
	GlobalSection(ProjectConfigurationPlatforms) = postSolution
		{60EA5DCC-C3D9-4EDE-B3CD-1CD59EBEB4B0}.Debug|Any CPU.ActiveCfg = Debug|Any CPU
		{60EA5DCC-C3D9-4EDE-B3CD-1CD59EBEB4B0}.Debug|Any CPU.Build.0 = Debug|Any CPU
		{60EA5DCC-C3D9-4EDE-B3CD-1CD59EBEB4B0}.Release|Any CPU.ActiveCfg = Release|Any CPU
		{60EA5DCC-C3D9-4EDE-B3CD-1CD59EBEB4B0}.Release|Any CPU.Build.0 = Release|Any CPU
	EndGlobalSection
	GlobalSection(SolutionProperties) = preSolution
		HideSolutionNode = FALSE
	EndGlobalSection
	GlobalSection(ExtensibilityGlobals) = postSolution
		SolutionGuid = {E2B14964-4AC6-4C0A-8FBA-CE42052D382D}
	EndGlobalSection
EndGlobal
